
Microsoft Visual Studio Solution File, Format Version 12.00
# Visual Studio Version 16
VisualStudioVersion = 16.0.30717.126
MinimumVisualStudioVersion = 10.0.40219.1
Project("{FAE04EC0-301F-11D3-BF4B-00C04F79EFBC}") = "Day3", "Day3\Day3.csproj", "{097C1436-AA38-4925-92A0-79C1B8DE4225}"
EndProject
Project("{FAE04EC0-301F-11D3-BF4B-00C04F79EFBC}") = "AssignmentDay3", "AssignmentDay3\AssignmentDay3.csproj", "{24A5A83E-5F5A-406A-9829-379990958705}"
EndProject
Project("{FAE04EC0-301F-11D3-BF4B-00C04F79EFBC}") = "ConsoleApp1", "ConsoleApp1\ConsoleApp1.csproj", "{BABC95F9-D368-4FB4-9565-D7FDB75AAA63}"
EndProject
Global
	GlobalSection(SolutionConfigurationPlatforms) = preSolution
		Debug|Any CPU = Debug|Any CPU
		Release|Any CPU = Release|Any CPU
	EndGlobalSection
	GlobalSection(ProjectConfigurationPlatforms) = postSolution
		{097C1436-AA38-4925-92A0-79C1B8DE4225}.Debug|Any CPU.ActiveCfg = Debug|Any CPU
		{097C1436-AA38-4925-92A0-79C1B8DE4225}.Debug|Any CPU.Build.0 = Debug|Any CPU
		{097C1436-AA38-4925-92A0-79C1B8DE4225}.Release|Any CPU.ActiveCfg = Release|Any CPU
		{097C1436-AA38-4925-92A0-79C1B8DE4225}.Release|Any CPU.Build.0 = Release|Any CPU
		{24A5A83E-5F5A-406A-9829-379990958705}.Debug|Any CPU.ActiveCfg = Debug|Any CPU
		{24A5A83E-5F5A-406A-9829-379990958705}.Debug|Any CPU.Build.0 = Debug|Any CPU
		{24A5A83E-5F5A-406A-9829-379990958705}.Release|Any CPU.ActiveCfg = Release|Any CPU
		{24A5A83E-5F5A-406A-9829-379990958705}.Release|Any CPU.Build.0 = Release|Any CPU
		{BABC95F9-D368-4FB4-9565-D7FDB75AAA63}.Debug|Any CPU.ActiveCfg = Debug|Any CPU
		{BABC95F9-D368-4FB4-9565-D7FDB75AAA63}.Debug|Any CPU.Build.0 = Debug|Any CPU
		{BABC95F9-D368-4FB4-9565-D7FDB75AAA63}.Release|Any CPU.ActiveCfg = Release|Any CPU
		{BABC95F9-D368-4FB4-9565-D7FDB75AAA63}.Release|Any CPU.Build.0 = Release|Any CPU
	EndGlobalSection
	GlobalSection(SolutionProperties) = preSolution
		HideSolutionNode = FALSE
	EndGlobalSection
	GlobalSection(ExtensibilityGlobals) = postSolution
		SolutionGuid = {FE3D0F98-6BDA-4884-B54E-F3A63527C797}
	EndGlobalSection
EndGlobal
