
Microsoft Visual Studio Solution File, Format Version 12.00
# Visual Studio Version 16
VisualStudioVersion = 16.0.30717.126
MinimumVisualStudioVersion = 10.0.40219.1
Project("{FAE04EC0-301F-11D3-BF4B-00C04F79EFBC}") = "WPFDatabase", "WPFDatabase\WPFDatabase.csproj", "{82C79B16-71DE-4E25-9B49-E3E4C7C7E56C}"
EndProject
Global
	GlobalSection(SolutionConfigurationPlatforms) = preSolution
		Debug|Any CPU = Debug|Any CPU
		Release|Any CPU = Release|Any CPU
	EndGlobalSection
	GlobalSection(ProjectConfigurationPlatforms) = postSolution
		{82C79B16-71DE-4E25-9B49-E3E4C7C7E56C}.Debug|Any CPU.ActiveCfg = Debug|Any CPU
		{82C79B16-71DE-4E25-9B49-E3E4C7C7E56C}.Debug|Any CPU.Build.0 = Debug|Any CPU
		{82C79B16-71DE-4E25-9B49-E3E4C7C7E56C}.Release|Any CPU.ActiveCfg = Release|Any CPU
		{82C79B16-71DE-4E25-9B49-E3E4C7C7E56C}.Release|Any CPU.Build.0 = Release|Any CPU
	EndGlobalSection
	GlobalSection(SolutionProperties) = preSolution
		HideSolutionNode = FALSE
	EndGlobalSection
	GlobalSection(ExtensibilityGlobals) = postSolution
		SolutionGuid = {005D0F6C-7EC0-4E95-B3E7-11D6C8EC49A8}
	EndGlobalSection
EndGlobal
